{
  "version": "2",
  "remote": {
    "https://esm.sh/@material/material-color-utilities@0.2.7": "8f1e60df05ee1724a5e3acc81d91bcaa8474894db5426b87f0028bea02c732f2",
    "https://esm.sh/compression@1.7.4": "2a586710eb21e1ebd58145d006582015362d6f5e772abae9726f5e373f0af600",
    "https://esm.sh/cors@2.8.5": "d05a71383a6e7860f3dbfe15120c6c4b8a60dd5562d306c2ecf0769331149cc8",
    "https://esm.sh/express-serve-static-core@0.1.1": "32f03a156cd32157df2e58e1496c305e626b515289d7e14c273f88158a90274a",
    "https://esm.sh/express@4.18.2": "21a42a74e45238a9568beba8dfd65f01892ddb121c58551d9eb3dd357855362d",
    "https://esm.sh/v128/accepts@1.3.8/denonext/accepts.mjs": "a4fee8dd762a1ecbd08e630c999fd15e382eaf7d7b4aec6ba4551e14efe85e3c",
    "https://esm.sh/v128/bytes@3.0.0/denonext/bytes.mjs": "a08d49ad7f5c8a881b84c16b5e53786b583964abf2c0ab7fabe45e7a683f45e7",
    "https://esm.sh/v128/compressible@2.0.18/denonext/compressible.mjs": "29c3042682136675c9ae39a7df7c8368b05686599d9b7af68908067e7a84e51d",
    "https://esm.sh/v128/compression@1.7.4/denonext/compression.mjs": "b3299a3d674327147e4d62a51c15bb4224a7e54f548233dd5376645ca602493d",
    "https://esm.sh/v128/debug@2.6.9/denonext/debug.mjs": "43a297717f70dbb0831b3df8f8e0ac7980dff73dc4476f05c682b8eaa67a138f",
    "https://esm.sh/v128/express-serve-static-core@0.1.1/denonext/express-serve-static-core.mjs": "33adac7397d93099a3c3a2a311c97e9f557cb7b4382de678aabbe88731a738e7",
    "https://esm.sh/v128/mime-db@1.52.0/denonext/mime-db.mjs": "52b5de94b0afa2139224f83773d90861fbc2fca6a1994f1a00a52733e14f4720",
    "https://esm.sh/v128/mime-types@2.1.35/denonext/mime-types.mjs": "815e7600144782ef475e2420ddea0968aaa3fd5686fe722c5652d4fbd0f9e763",
    "https://esm.sh/v128/ms@2.0.0/denonext/ms.mjs": "3d3c2d9fc775a062db98f0d6da4e660539a5a2f3fc30a017f8381c48e06eb547",
    "https://esm.sh/v128/negotiator@0.6.3/denonext/negotiator.mjs": "00b4932ba3f3502ac746fd05716058f72d272629bc9c49e286ac483ebb928077",
    "https://esm.sh/v128/on-headers@1.0.2/denonext/on-headers.mjs": "f17dd4e9e15904fa297f4861838fba635f09d46eba6d8e27496aae1f05f3401e",
    "https://esm.sh/v128/safe-buffer@5.1.2/denonext/safe-buffer.mjs": "bf91200afdaf8be92e5c7d4c79e4dc9b5c534f76e104f1b37e5891d6f81eaca2",
    "https://esm.sh/v128/vary@1.1.2/denonext/vary.mjs": "119fef5a9e3d5a74c698ded1a4edd8acfdf75db69c6daabf631bd773964ac860",
    "https://esm.sh/v130/@material/material-color-utilities@0.2.7/denonext/material-color-utilities.mjs": "a374df2260bfde66416aaf21be95b4bfe026e51113858056bacef67febdf2e8b",
    "https://esm.sh/v130/accepts@1.3.8/denonext/accepts.mjs": "660e9bb588da1609a0bbb839db3cd0e7e1e6e51c65b360bc9ba3decf4713d9ea",
    "https://esm.sh/v130/body-parser@1.20.1/denonext/body-parser.mjs": "cb7d5fd29dadf753abfbe30d5563d9695dc0f5959448cbe618cef9e9c90d611e",
    "https://esm.sh/v130/bytes@3.1.2/denonext/bytes.mjs": "727f99cf6d5675ef6f5095c87c810c4117074bad2fcb164eac15abdec967d6c1",
    "https://esm.sh/v130/call-bind@1.0.2/denonext/callBound.js": "57156141dea4e7a1847b5dbff3fe3a483bdef176d979f2820112147f359d70aa",
    "https://esm.sh/v130/content-disposition@0.5.4/denonext/content-disposition.mjs": "861c906700ff9b033eda5b2300875354d57c9453ff1ebc397b32788c5b2fe1ca",
    "https://esm.sh/v130/content-type@1.0.5/denonext/content-type.mjs": "0a76f5bf728090f75a34f227efe77a9ad37c0eaa10539e012bc5dc059b9657fa",
    "https://esm.sh/v130/cookie-signature@1.0.6/denonext/cookie-signature.mjs": "67a2f0d8c2c33165424b5d5c363baeae7b8d03ab88fe146859d8e967c6a86410",
    "https://esm.sh/v130/cookie@0.5.0/denonext/cookie.mjs": "0a77faad2fd5a00b39f51b7d7ab08f9bf18f3908d3eb4559cf58fc687f9f9983",
    "https://esm.sh/v130/cors@2.8.5/denonext/cors.mjs": "b3e00faf1f9fe3e4e7e5ed9db334d224732886c4b063863e2b6b1c7bc5dae594",
    "https://esm.sh/v130/debug@2.6.9/denonext/debug.mjs": "7dbb13ccb76c9e2824cb4effcf65daf58647166f1f2babccf4ce03e8f16eba29",
    "https://esm.sh/v130/depd@2.0.0/denonext/depd.mjs": "fda65d2a966c5228c771a03b7756a5be1579e99ce7395f739985d0833c7207fd",
    "https://esm.sh/v130/destroy@1.2.0/denonext/destroy.mjs": "12f4dd5df7ffa77aaf2e1f44f193f2479cc5839fb5ff9feafdf6b47fc8e16f7c",
    "https://esm.sh/v130/ee-first@1.1.1/denonext/ee-first.mjs": "c655caffe0672068733c5cfdfbec78642a8fbf64b4ce3c9fc32f401efefeaa1a",
    "https://esm.sh/v130/encodeurl@1.0.2/denonext/encodeurl.mjs": "dccc811e5af731341108e5af6a0ce67f8c948f35bb2b269bd0ea70e1475511e4",
    "https://esm.sh/v130/escape-html@1.0.3/denonext/escape-html.mjs": "836d29b9da47c2ac09ffa144f01a4726a38b4e4a9748e37cd115a6316aed2b00",
    "https://esm.sh/v130/etag@1.8.1/denonext/etag.mjs": "6763dab9e976971d02ac25effb823ac49d0151175594ee7c841f468783765745",
    "https://esm.sh/v130/express@4.18.2/denonext/express.mjs": "2bf0c058ecef12e020082322b7a4e957443e9c17a9657611077b9c6a7e433dd2",
    "https://esm.sh/v130/finalhandler@1.2.0/denonext/finalhandler.mjs": "db7ad9fd08d4130c0aea2205304fe0fc4f5c4a71990d55d386532e905a7e404c",
    "https://esm.sh/v130/forwarded@0.2.0/denonext/forwarded.mjs": "72e79cf9e130e81a182f26af69493c8f20857b6f03623f16b3afe9e18b25411d",
    "https://esm.sh/v130/fresh@0.5.2/denonext/fresh.mjs": "e43787c17dea3cbe8bfed87a051ebb57eaf40d42d34931db2638d437d1766429",
    "https://esm.sh/v130/function-bind@1.1.1/denonext/function-bind.mjs": "331f5d2a5830a67a767be946331716b1b9db05125891100a16e24114dba8ef87",
    "https://esm.sh/v130/get-intrinsic@1.2.1/denonext/get-intrinsic.mjs": "de100fc024be7ba0c2b6051d4950db6937fdfbe28a9e9f59edb39ad18ef320d4",
    "https://esm.sh/v130/has-proto@1.0.1/denonext/has-proto.mjs": "443f9773e464b39534dbecaee040e5de8384e8efaeea7a6d3e333df4069d1f85",
    "https://esm.sh/v130/has-symbols@1.0.3/denonext/has-symbols.mjs": "452727b5dbec94d538c5e8e062ed82bee701c3b752eb21e6189978e92292b7c6",
    "https://esm.sh/v130/has@1.0.3/denonext/has.mjs": "30923a1df85399374d88079de349f16cfcb2f39b7f5d010a21ea2be8ddd6d4ba",
    "https://esm.sh/v130/http-errors@2.0.0/denonext/http-errors.mjs": "37682356e11e8427c93a868353ec30f1a96ecb8312085276e8ea79abc610c405",
    "https://esm.sh/v130/iconv-lite@0.4.24/denonext/iconv-lite.mjs": "e44a36f7a3737d0843b810e189943b285206f225d69f5ca9e787daaacf08f2f4",
    "https://esm.sh/v130/inherits@2.0.4/denonext/inherits.mjs": "8095f3d6aea060c904fb24ae50f2882779c0acbe5d56814514c8b5153f3b4b3b",
    "https://esm.sh/v130/ipaddr.js@1.9.1/denonext/ipaddr.mjs": "b53fc977cda5b9ee595ccf9693a02bd6cc9741c51e5d0002b7677bcbd7f300b2",
    "https://esm.sh/v130/media-typer@0.3.0/denonext/media-typer.mjs": "40ea9972d4a533872bd3403f95a32f1faddd04817be75597287a7cad60b0a96a",
    "https://esm.sh/v130/merge-descriptors@1.0.1/denonext/merge-descriptors.mjs": "de42c926d830041381e6e36fdb576a272047853a01e8d158a59197586a8d11b0",
    "https://esm.sh/v130/methods@1.1.2/denonext/methods.mjs": "df1fa8e775f52f9f2ee5edc8ae6a1f587196e535579dd55dd0ac222a0ecbf039",
    "https://esm.sh/v130/mime-db@1.52.0/denonext/mime-db.mjs": "52b5de94b0afa2139224f83773d90861fbc2fca6a1994f1a00a52733e14f4720",
    "https://esm.sh/v130/mime-types@2.1.35/denonext/mime-types.mjs": "fa07cd99b4a723e381a68309b14aceb230f00d4dd54848b4f97cc397791ec1e0",
    "https://esm.sh/v130/mime@1.6.0/denonext/mime.mjs": "c39ec785aa5ba3627bfc5ad35d38f9bba30a936bf30977102572430f602b9d56",
    "https://esm.sh/v130/ms@2.0.0/denonext/ms.mjs": "3d3c2d9fc775a062db98f0d6da4e660539a5a2f3fc30a017f8381c48e06eb547",
    "https://esm.sh/v130/ms@2.1.3/denonext/ms.mjs": "0f06597e493998793b8f52232868976128fca326eec3bcd56f10e66e6efd1839",
    "https://esm.sh/v130/negotiator@0.6.3/denonext/negotiator.mjs": "00b4932ba3f3502ac746fd05716058f72d272629bc9c49e286ac483ebb928077",
    "https://esm.sh/v130/object-inspect@1.12.3/denonext/object-inspect.mjs": "6cc9da4b2d1ebcc6008ba2fcc809430229062318eb0aff45eddc44ade994f7ed",
    "https://esm.sh/v130/on-finished@2.4.1/denonext/on-finished.mjs": "2d95fd1912177f41e8a770756455f77808eac81dd5242881bf94b17c3adbcf41",
    "https://esm.sh/v130/parseurl@1.3.3/denonext/parseurl.mjs": "2ce692590dbef75165d259963e2ad99007ef617b74b865cb8072ceefe53290ac",
    "https://esm.sh/v130/path-to-regexp@0.1.7/denonext/path-to-regexp.mjs": "1882fa76d8b6aa20a9bcc1a926cbf1a1b6476cb41bec4ee54d6bf33ae627dbee",
    "https://esm.sh/v130/proxy-addr@2.0.7/denonext/proxy-addr.mjs": "3cb6b8b5a7108baf87735446a9b0ba709904141339af4e1faa3358699a58e2a7",
    "https://esm.sh/v130/qs@6.11.0/denonext/qs.mjs": "175998c8482fa5ad38aa93247b8c3f07ffc7ce9985b668103f297835107df682",
    "https://esm.sh/v130/range-parser@1.2.1/denonext/range-parser.mjs": "6c949446640944b4f877b1023adbedbe9c981b960cee369f9a3f7c3dcc3fbee1",
    "https://esm.sh/v130/raw-body@2.5.1/denonext/raw-body.mjs": "b1cb4b2ff8810f3e5066d2eac843ef7a502aa2889fc772cd09d1c169c17f3864",
    "https://esm.sh/v130/safe-buffer@5.2.1/denonext/safe-buffer.mjs": "facbcb4f4622e13062978522fa12c42cae4e12f55b0e1d3fa1c4bc751bd827c7",
    "https://esm.sh/v130/safer-buffer@2.1.2/denonext/safer-buffer.mjs": "ce0e787812c668ba082ad5b75958490c714b6e05836bd5b6013d9f75727c006f",
    "https://esm.sh/v130/send@0.18.0/denonext/send.mjs": "abf7908557dc6eb21e1879749a09f37f49353d7645157f54b13b432e2dc17290",
    "https://esm.sh/v130/serve-static@1.15.0/denonext/serve-static.mjs": "8d9d878be62a4c756fb3422094a2b75d9bf2e882ab6d9948c1676d04d27d1fae",
    "https://esm.sh/v130/setprototypeof@1.2.0/denonext/setprototypeof.mjs": "3c433ff9b1f70f65d63ad4320ed48ed97a61393cfe63f9582154c5ef4c1e4ae3",
    "https://esm.sh/v130/side-channel@1.0.4/denonext/side-channel.mjs": "51f771d8511edb38d07b63d64100b293f88d9ce883e02330348b8a0dfa50075b",
    "https://esm.sh/v130/statuses@2.0.1/denonext/statuses.mjs": "04eebf4fa5711688b325f7c7b29b31c012cf797b15795832c9b9db65a3f16a5d",
    "https://esm.sh/v130/toidentifier@1.0.1/denonext/toidentifier.mjs": "096561de448c16b623c023497eea7ce6232a0c6684bd500761cd35eedd5ed73d",
    "https://esm.sh/v130/type-is@1.6.18/denonext/type-is.mjs": "0efadbd2ea35f506171e767ef5772521b79f8c7c0d5931d9296f61f9fd218921",
    "https://esm.sh/v130/unpipe@1.0.0/denonext/unpipe.mjs": "46c65a06d46ec6b3e9f3fda014053928fe62397a3d894cbb56b13bc25a385bc0",
    "https://esm.sh/v130/utils-merge@1.0.1/denonext/utils-merge.mjs": "0a8a3925b476b5a94da272bb8fbb63728b725185a80b28492825dfb3ca3a3542",
    "https://esm.sh/v130/vary@1.1.2/denonext/vary.mjs": "119fef5a9e3d5a74c698ded1a4edd8acfdf75db69c6daabf631bd773964ac860"
  }
}
