{
  "version": "2",
  "remote": {
    "https://esm.sh/@material/material-color-utilities@0.2.7": "8f1e60df05ee1724a5e3acc81d91bcaa8474894db5426b87f0028bea02c732f2",
    "https://esm.sh/chroma-js@2.4.2": "ebf8752fdfecd3eac67f7d700f68a35be65b4260c6a8eaba127efd1546750649",
    "https://esm.sh/v128/chroma-js@2.4.2/denonext/chroma-js.mjs": "b7089a9f36ded07ba09c04330d0f004b1946eea1802d3793491715ac857e64c1",
    "https://esm.sh/v130/@material/material-color-utilities@0.2.7/denonext/material-color-utilities.mjs": "a374df2260bfde66416aaf21be95b4bfe026e51113858056bacef67febdf2e8b"
  }
}
